
Microsoft Visual Studio Solution File, Format Version 12.00
# Visual Studio Version 16
VisualStudioVersion = 16.0.31424.327
MinimumVisualStudioVersion = 10.0.40219.1
Project("{9A19103F-16F7-4668-BE54-9A1E7A4F7556}") = "Squarfish.Identity", "Squarfish.Identity\Squarfish.Identity.csproj", "{E7E0FD7F-5277-436E-966D-250A5B6E1A16}"
EndProject
Project("{2150E333-8FDC-42A3-9474-1A3956D46DE8}") = "Microservices", "Microservices", "{D466CE48-6D17-43C8-8266-C99AA2D4C2AF}"
EndProject
Project("{E53339B2-1760-4266-BCC7-CA923CBCF16C}") = "docker-compose", "docker-compose.dcproj", "{428EE08A-D0F3-451E-A560-33CD9E06DE67}"
EndProject
Project("{2150E333-8FDC-42A3-9474-1A3956D46DE8}") = "Main", "Main", "{50BA2D4C-5000-4447-91B8-ECDDA8D87B9C}"
EndProject
Project("{2150E333-8FDC-42A3-9474-1A3956D46DE8}") = "Identity", "Identity", "{8A16885C-0D5F-4A4E-BE84-D7435AA3C982}"
EndProject
Project("{2150E333-8FDC-42A3-9474-1A3956D46DE8}") = "src", "src", "{0C215A05-65A4-49D5-B2D7-1EC76116782B}"
EndProject
Project("{9A19103F-16F7-4668-BE54-9A1E7A4F7556}") = "Infrastructure", "..\Infrastructure\Infrastructure.csproj", "{EE736D25-D417-4C66-939E-E7CEEAD9F676}"
EndProject
Project("{9A19103F-16F7-4668-BE54-9A1E7A4F7556}") = "Infrastructure.Abstraction", "..\Infrastructure.Abstraction\Infrastructure.Abstraction.csproj", "{99EB18F9-7BDD-44B1-B5BA-38FD916454C1}"
EndProject
Project("{9A19103F-16F7-4668-BE54-9A1E7A4F7556}") = "WebApi", "..\WebApi\WebApi.csproj", "{C40959FA-452A-436B-9617-A6A92CC8C9BC}"
EndProject
Project("{9A19103F-16F7-4668-BE54-9A1E7A4F7556}") = "Application", "..\Application\Application.csproj", "{E9083592-7A52-4A8F-80F4-7887261BE3DD}"
EndProject
Project("{FAE04EC0-301F-11D3-BF4B-00C04F79EFBC}") = "Domain", "..\Domain\Domain.csproj", "{9B60E714-0617-4FA4-98FE-FFA353EB7BE6}"
EndProject
Project("{FAE04EC0-301F-11D3-BF4B-00C04F79EFBC}") = "Persistence", "..\Persistence\Persistence.csproj", "{1EA408B1-4C0E-4C12-A702-B2C2264FE1E1}"
EndProject
Global
	GlobalSection(SolutionConfigurationPlatforms) = preSolution
		Debug|Any CPU = Debug|Any CPU
		Release|Any CPU = Release|Any CPU
	EndGlobalSection
	GlobalSection(ProjectConfigurationPlatforms) = postSolution
		{E7E0FD7F-5277-436E-966D-250A5B6E1A16}.Debug|Any CPU.ActiveCfg = Debug|Any CPU
		{E7E0FD7F-5277-436E-966D-250A5B6E1A16}.Debug|Any CPU.Build.0 = Debug|Any CPU
		{E7E0FD7F-5277-436E-966D-250A5B6E1A16}.Release|Any CPU.ActiveCfg = Release|Any CPU
		{E7E0FD7F-5277-436E-966D-250A5B6E1A16}.Release|Any CPU.Build.0 = Release|Any CPU
		{428EE08A-D0F3-451E-A560-33CD9E06DE67}.Debug|Any CPU.ActiveCfg = Debug|Any CPU
		{428EE08A-D0F3-451E-A560-33CD9E06DE67}.Debug|Any CPU.Build.0 = Debug|Any CPU
		{428EE08A-D0F3-451E-A560-33CD9E06DE67}.Release|Any CPU.ActiveCfg = Release|Any CPU
		{428EE08A-D0F3-451E-A560-33CD9E06DE67}.Release|Any CPU.Build.0 = Release|Any CPU
		{EE736D25-D417-4C66-939E-E7CEEAD9F676}.Debug|Any CPU.ActiveCfg = Debug|Any CPU
		{EE736D25-D417-4C66-939E-E7CEEAD9F676}.Debug|Any CPU.Build.0 = Debug|Any CPU
		{EE736D25-D417-4C66-939E-E7CEEAD9F676}.Release|Any CPU.ActiveCfg = Release|Any CPU
		{EE736D25-D417-4C66-939E-E7CEEAD9F676}.Release|Any CPU.Build.0 = Release|Any CPU
		{99EB18F9-7BDD-44B1-B5BA-38FD916454C1}.Debug|Any CPU.ActiveCfg = Debug|Any CPU
		{99EB18F9-7BDD-44B1-B5BA-38FD916454C1}.Debug|Any CPU.Build.0 = Debug|Any CPU
		{99EB18F9-7BDD-44B1-B5BA-38FD916454C1}.Release|Any CPU.ActiveCfg = Release|Any CPU
		{99EB18F9-7BDD-44B1-B5BA-38FD916454C1}.Release|Any CPU.Build.0 = Release|Any CPU
		{C40959FA-452A-436B-9617-A6A92CC8C9BC}.Debug|Any CPU.ActiveCfg = Debug|Any CPU
		{C40959FA-452A-436B-9617-A6A92CC8C9BC}.Debug|Any CPU.Build.0 = Debug|Any CPU
		{C40959FA-452A-436B-9617-A6A92CC8C9BC}.Release|Any CPU.ActiveCfg = Release|Any CPU
		{C40959FA-452A-436B-9617-A6A92CC8C9BC}.Release|Any CPU.Build.0 = Release|Any CPU
		{E9083592-7A52-4A8F-80F4-7887261BE3DD}.Debug|Any CPU.ActiveCfg = Debug|Any CPU
		{E9083592-7A52-4A8F-80F4-7887261BE3DD}.Debug|Any CPU.Build.0 = Debug|Any CPU
		{E9083592-7A52-4A8F-80F4-7887261BE3DD}.Release|Any CPU.ActiveCfg = Release|Any CPU
		{E9083592-7A52-4A8F-80F4-7887261BE3DD}.Release|Any CPU.Build.0 = Release|Any CPU
		{9B60E714-0617-4FA4-98FE-FFA353EB7BE6}.Debug|Any CPU.ActiveCfg = Debug|Any CPU
		{9B60E714-0617-4FA4-98FE-FFA353EB7BE6}.Debug|Any CPU.Build.0 = Debug|Any CPU
		{9B60E714-0617-4FA4-98FE-FFA353EB7BE6}.Release|Any CPU.ActiveCfg = Release|Any CPU
		{9B60E714-0617-4FA4-98FE-FFA353EB7BE6}.Release|Any CPU.Build.0 = Release|Any CPU
		{1EA408B1-4C0E-4C12-A702-B2C2264FE1E1}.Debug|Any CPU.ActiveCfg = Debug|Any CPU
		{1EA408B1-4C0E-4C12-A702-B2C2264FE1E1}.Debug|Any CPU.Build.0 = Debug|Any CPU
		{1EA408B1-4C0E-4C12-A702-B2C2264FE1E1}.Release|Any CPU.ActiveCfg = Release|Any CPU
		{1EA408B1-4C0E-4C12-A702-B2C2264FE1E1}.Release|Any CPU.Build.0 = Release|Any CPU
	EndGlobalSection
	GlobalSection(SolutionProperties) = preSolution
		HideSolutionNode = FALSE
	EndGlobalSection
	GlobalSection(NestedProjects) = preSolution
		{E7E0FD7F-5277-436E-966D-250A5B6E1A16} = {8A16885C-0D5F-4A4E-BE84-D7435AA3C982}
		{D466CE48-6D17-43C8-8266-C99AA2D4C2AF} = {0C215A05-65A4-49D5-B2D7-1EC76116782B}
		{50BA2D4C-5000-4447-91B8-ECDDA8D87B9C} = {D466CE48-6D17-43C8-8266-C99AA2D4C2AF}
		{8A16885C-0D5F-4A4E-BE84-D7435AA3C982} = {D466CE48-6D17-43C8-8266-C99AA2D4C2AF}
		{EE736D25-D417-4C66-939E-E7CEEAD9F676} = {0C215A05-65A4-49D5-B2D7-1EC76116782B}
		{99EB18F9-7BDD-44B1-B5BA-38FD916454C1} = {0C215A05-65A4-49D5-B2D7-1EC76116782B}
		{C40959FA-452A-436B-9617-A6A92CC8C9BC} = {50BA2D4C-5000-4447-91B8-ECDDA8D87B9C}
		{E9083592-7A52-4A8F-80F4-7887261BE3DD} = {50BA2D4C-5000-4447-91B8-ECDDA8D87B9C}
		{9B60E714-0617-4FA4-98FE-FFA353EB7BE6} = {50BA2D4C-5000-4447-91B8-ECDDA8D87B9C}
		{1EA408B1-4C0E-4C12-A702-B2C2264FE1E1} = {50BA2D4C-5000-4447-91B8-ECDDA8D87B9C}
	EndGlobalSection
	GlobalSection(ExtensibilityGlobals) = postSolution
		SolutionGuid = {BEED5BC1-5A42-43F5-B506-2E8822220CA9}
	EndGlobalSection
EndGlobal
